
Microsoft Visual Studio Solution File, Format Version 12.00
# Visual Studio Version 16
VisualStudioVersion = 16.0.30907.101
MinimumVisualStudioVersion = 10.0.40219.1
Project("{FAE04EC0-301F-11D3-BF4B-00C04F79EFBC}") = "WeerApp", "WeerApp\WeerApp.csproj", "{81FBE1FE-7F79-4067-AA4C-8EAE1F693190}"
EndProject
Global
	GlobalSection(SolutionConfigurationPlatforms) = preSolution
		Debug|Any CPU = Debug|Any CPU
		Release|Any CPU = Release|Any CPU
	EndGlobalSection
	GlobalSection(ProjectConfigurationPlatforms) = postSolution
		{81FBE1FE-7F79-4067-AA4C-8EAE1F693190}.Debug|Any CPU.ActiveCfg = Debug|Any CPU
		{81FBE1FE-7F79-4067-AA4C-8EAE1F693190}.Debug|Any CPU.Build.0 = Debug|Any CPU
		{81FBE1FE-7F79-4067-AA4C-8EAE1F693190}.Release|Any CPU.ActiveCfg = Release|Any CPU
		{81FBE1FE-7F79-4067-AA4C-8EAE1F693190}.Release|Any CPU.Build.0 = Release|Any CPU
	EndGlobalSection
	GlobalSection(SolutionProperties) = preSolution
		HideSolutionNode = FALSE
	EndGlobalSection
	GlobalSection(ExtensibilityGlobals) = postSolution
		SolutionGuid = {39997D4F-8B55-4331-8BAB-24FF17C61BA1}
	EndGlobalSection
EndGlobal
